#MicroXplorer Configuration settings - do not modify
CAD.formats=
CAD.pinconfig=
CAD.provider=
CortexM4.IPs=BDMA,DMA,FATFS_M4\:I,FREERTOS_M4\:I,IWDG2\:I,MDMA,NVIC2\:I,RCC,USB_DEVICE_M4\:I,USB_HOST_M4\:I,WWDG2\:I,USART1,USB_OTG_HS\:I,SPI2\:I,ADC1\:I,ADC3\:I,FMC\:I,SAI1\:I,ETH\:I,TIM8\:I,UART8\:I,DCMI\:I,RTC\:I,SPDIFRX1\:I,HDMI_CEC\:I,TIM13\:I,TIM3\:I,DEBUG,PDM2PCM_M4\:I,PWR,RESMGR_UTILITY,SYS_M4\:I,CORTEX_M4\:I,OPENAMP_M4\:I,VREFBUF,GPIO
CortexM7.IPs=BDMA\:I,DMA\:I,FATFS_M7\:I,FREERTOS_M7\:I,IWDG1\:I,MDMA\:I,NVIC1\:I,RCC\:I,USB_DEVICE_M7\:I,USB_HOST_M7\:I,WWDG1\:I,USART1\:I,CORTEX_M7\:I,DEBUG\:I,PDM2PCM_M7\:I,PWR\:I,RESMGR_UTILITY\:I,SYS\:I,OPENAMP_M7\:I,VREFBUF\:I,GPIO\:I,SPI5\:I,SDMMC1\:I
CortexM7.Pins=PK1,PJ0,PJ6,PJ5
FATFS.BSP.number=1
FATFS0.BSP.STBoard=false
FATFS0.BSP.api=Unknown
FATFS0.BSP.component=
FATFS0.BSP.condition=
FATFS0.BSP.instance=PI8
FATFS0.BSP.ip=GPIO
FATFS0.BSP.mode=Input
FATFS0.BSP.name=Detect_SDIO
FATFS0.BSP.semaphore=
FATFS0.BSP.solution=PI8
File.Version=6
GPIO.groupedBy=Group By Peripherals
KeepUserPlacement=false
Mcu.CPN=STM32H747XIH6
Mcu.Context0=CortexM7
Mcu.Context1=CortexM4
Mcu.ContextNb=2
Mcu.Family=STM32H7
Mcu.IP0=CORTEX_M4
Mcu.IP1=CORTEX_M7
Mcu.IP2=FATFS_M7
Mcu.IP3=NVIC1
Mcu.IP4=NVIC2
Mcu.IP5=RCC
Mcu.IP6=SDMMC1
Mcu.IP7=SPI5
Mcu.IP8=SYS
Mcu.IP9=SYS_M4
Mcu.IPNb=10
Mcu.Name=STM32H747XIHx
Mcu.Package=TFBGA240
Mcu.Pin0=PC10
Mcu.Pin1=PC11
Mcu.Pin10=PJ10
Mcu.Pin11=PJ0
Mcu.Pin12=PJ6
Mcu.Pin13=PJ5
Mcu.Pin14=VP_FATFS_M7_VS_SDIO
Mcu.Pin15=VP_SYS_VS_Systick
Mcu.Pin16=VP_SYS_M4_VS_Systick
Mcu.Pin2=PC12
Mcu.Pin3=PD2
Mcu.Pin4=PI8
Mcu.Pin5=PC8
Mcu.Pin6=PC9
Mcu.Pin7=PK0
Mcu.Pin8=PK1
Mcu.Pin9=PJ11
Mcu.PinsNb=17
Mcu.ThirdPartyNb=0
Mcu.UserConstants=
Mcu.UserName=STM32H747XIHx
MxCube.Version=6.11.1
MxDb.Version=DB.6.0.111
NVIC1.BusFault_IRQn=true\:0\:0\:false\:false\:true\:false\:false\:false
NVIC1.DebugMonitor_IRQn=true\:0\:0\:false\:false\:true\:false\:false\:false
NVIC1.ForceEnableDMAVector=true
NVIC1.HardFault_IRQn=true\:0\:0\:false\:false\:true\:false\:false\:false
NVIC1.MemoryManagement_IRQn=true\:0\:0\:false\:false\:true\:false\:false\:false
NVIC1.NonMaskableInt_IRQn=true\:0\:0\:false\:false\:true\:false\:false\:false
NVIC1.PendSV_IRQn=true\:0\:0\:false\:false\:true\:false\:false\:false
NVIC1.PriorityGroup=NVIC_PRIORITYGROUP_4
NVIC1.SVCall_IRQn=true\:0\:0\:false\:false\:true\:false\:false\:false
NVIC1.SysTick_IRQn=true\:0\:0\:false\:false\:true\:false\:true\:false
NVIC1.UsageFault_IRQn=true\:0\:0\:false\:false\:true\:false\:false\:false
NVIC2.BusFault_IRQn=true\:0\:0\:false\:false\:true\:false\:false\:false
NVIC2.DebugMonitor_IRQn=true\:0\:0\:false\:false\:true\:false\:false\:false
NVIC2.ForceEnableDMAVector=true
NVIC2.HardFault_IRQn=true\:0\:0\:false\:false\:true\:false\:false\:false
NVIC2.MemoryManagement_IRQn=true\:0\:0\:false\:false\:true\:false\:false\:false
NVIC2.NonMaskableInt_IRQn=true\:0\:0\:false\:false\:true\:false\:false\:false
NVIC2.PendSV_IRQn=true\:0\:0\:false\:false\:true\:false\:false\:false
NVIC2.PriorityGroup=NVIC_PRIORITYGROUP_4
NVIC2.SVCall_IRQn=true\:0\:0\:false\:false\:true\:false\:false\:false
NVIC2.SysTick_IRQn=true\:0\:0\:false\:false\:true\:false\:true\:false
NVIC2.UsageFault_IRQn=true\:0\:0\:false\:false\:true\:false\:false\:false
PC10.GPIOParameters=PinAttribute
PC10.Mode=SD_4_bits_Wide_bus
PC10.PinAttribute=CortexM7
PC10.Signal=SDMMC1_D2
PC11.GPIOParameters=PinAttribute
PC11.Mode=SD_4_bits_Wide_bus
PC11.PinAttribute=CortexM7
PC11.Signal=SDMMC1_D3
PC12.GPIOParameters=PinAttribute
PC12.Mode=SD_4_bits_Wide_bus
PC12.PinAttribute=CortexM7
PC12.Signal=SDMMC1_CK
PC8.GPIOParameters=PinAttribute
PC8.Mode=SD_4_bits_Wide_bus
PC8.PinAttribute=CortexM7
PC8.Signal=SDMMC1_D0
PC9.GPIOParameters=PinAttribute
PC9.Mode=SD_4_bits_Wide_bus
PC9.PinAttribute=CortexM7
PC9.Signal=SDMMC1_D1
PD2.GPIOParameters=PinAttribute
PD2.Mode=SD_4_bits_Wide_bus
PD2.PinAttribute=CortexM7
PD2.Signal=SDMMC1_CMD
PI8.Locked=true
PI8.Signal=GPIO_Input
PJ0.ContextOwner=CortexM7
PJ0.GPIOParameters=GPIO_Label,PinAttribute
PJ0.GPIO_Label=GC9A01_BL
PJ0.Locked=true
PJ0.PinAttribute=CortexM7
PJ0.Signal=GPIO_Output
PJ10.GPIOParameters=GPIO_Label,PinAttribute
PJ10.GPIO_Label=GC9A01_MOSI
PJ10.Locked=true
PJ10.Mode=Full_Duplex_Master
PJ10.PinAttribute=CortexM7
PJ10.Signal=SPI5_MOSI
PJ11.GPIOParameters=GPIO_Label,PinAttribute
PJ11.GPIO_Label=GC9A01_MISO
PJ11.Locked=true
PJ11.Mode=Full_Duplex_Master
PJ11.PinAttribute=CortexM7
PJ11.Signal=SPI5_MISO
PJ5.ContextOwner=CortexM7
PJ5.GPIOParameters=GPIO_Label,PinAttribute
PJ5.GPIO_Label=GC9A01_RST
PJ5.Locked=true
PJ5.PinAttribute=CortexM7
PJ5.Signal=GPIO_Output
PJ6.ContextOwner=CortexM7
PJ6.GPIOParameters=GPIO_Label,PinAttribute
PJ6.GPIO_Label=GC9A01_DC
PJ6.Locked=true
PJ6.PinAttribute=CortexM7
PJ6.Signal=GPIO_Output
PK0.GPIOParameters=GPIO_Label,PinAttribute
PK0.GPIO_Label=GC9A01_SCK
PK0.Locked=true
PK0.Mode=Full_Duplex_Master
PK0.PinAttribute=CortexM7
PK0.Signal=SPI5_SCK
PK1.ContextOwner=CortexM7
PK1.GPIOParameters=GPIO_Label,PinAttribute
PK1.GPIO_Label=GC9A01_CS
PK1.Locked=true
PK1.PinAttribute=CortexM7
PK1.Signal=GPIO_Output
PinOutPanel.CurrentBGAView=Top
PinOutPanel.RotationAngle=0
ProjectManager.AskForMigrate=true
ProjectManager.BackupPrevious=false
ProjectManager.BootMode=boot0
ProjectManager.CompilerOptimize=6
ProjectManager.ComputerToolchain=false
ProjectManager.CoupleFile=false
ProjectManager.CustomerFirmwarePackage=
ProjectManager.DefaultFWLocation=true
ProjectManager.DeletePrevious=true
ProjectManager.DeviceId=STM32H747XIHx
ProjectManager.FirmwarePackage=STM32Cube FW_H7 V1.11.2
ProjectManager.FreePins=false
ProjectManager.HalAssertFull=false
ProjectManager.HeapSize=M4-0x200,M7-0x200
ProjectManager.KeepUserCode=true
ProjectManager.LastFirmware=true
ProjectManager.LibraryCopy=1
ProjectManager.MainLocation=Core/Src
ProjectManager.NoMain=false
ProjectManager.PreviousToolchain=STM32CubeIDE
ProjectManager.ProjectBuild=false
ProjectManager.ProjectFileName=smart-watch.ioc
ProjectManager.ProjectName=smart-watch
ProjectManager.ProjectStructure=M7\:CortexM7 Project\:true;M4\:CortexM4 Project\:true;
ProjectManager.RegisterCallBack=
ProjectManager.StackSize=M4-0x400,M7-0x400
ProjectManager.TargetToolchain=STM32CubeIDE
ProjectManager.ToolChainLocation=
ProjectManager.UAScriptAfterPath=
ProjectManager.UAScriptBeforePath=
ProjectManager.UnderRoot=true
ProjectManager.functionlistsort=1-SystemClock_Config-RCC-false-HAL-false-CortexM7,2-MX_GPIO_Init-GPIO-false-HAL-true-CortexM7,3-MX_SPI5_Init-SPI5-false-HAL-true-CortexM7,4-MX_SDMMC1_SD_Init-SDMMC1-false-HAL-true-CortexM7,5-MX_FATFS_Init-FATFS_M7-false-HAL-false-CortexM7,0-MX_CORTEX_M7_Init-CORTEX_M7-false-HAL-true-CortexM7,0-MX_CORTEX_M4_Init-CORTEX_M4-false-HAL-true-CortexM4
RCC.ADCFreq_Value=192000000
RCC.AHB12Freq_Value=100000000
RCC.AHB4Freq_Value=100000000
RCC.APB1Freq_Value=50000000
RCC.APB2Freq_Value=50000000
RCC.APB3Freq_Value=50000000
RCC.APB4Freq_Value=50000000
RCC.AXIClockFreq_Value=100000000
RCC.CECFreq_Value=32000
RCC.CKPERFreq_Value=64000000
RCC.CPU2Freq_Value=100000000
RCC.CPU2SystikFreq_Value=100000000
RCC.CortexFreq_Value=100000000
RCC.CpuClockFreq_Value=100000000
RCC.D1CPREFreq_Value=100000000
RCC.D1PPRE=RCC_APB3_DIV2
RCC.D2PPRE1=RCC_APB1_DIV2
RCC.D2PPRE2=RCC_APB2_DIV2
RCC.D3PPRE=RCC_APB4_DIV2
RCC.DFSDMACLkFreq_Value=15384615.384615384
RCC.DFSDMFreq_Value=50000000
RCC.DIVM1=4
RCC.DIVM2=2
RCC.DIVN1=12
RCC.DIVN2=12
RCC.DIVP1Freq_Value=100000000
RCC.DIVP2Freq_Value=192000000
RCC.DIVP3Freq_Value=129000000
RCC.DIVQ1=13
RCC.DIVQ1Freq_Value=15384615.384615384
RCC.DIVQ2Freq_Value=192000000
RCC.DIVQ3Freq_Value=129000000
RCC.DIVR1Freq_Value=100000000
RCC.DIVR2Freq_Value=192000000
RCC.DIVR3Freq_Value=129000000
RCC.DSIFreq_Value=62500000
RCC.DSITXEscFreq_Value=15625000
RCC.FDCANFreq_Value=15384615.384615384
RCC.FMCFreq_Value=100000000
RCC.FamilyName=M
RCC.HCLK3ClockFreq_Value=100000000
RCC.HCLKFreq_Value=100000000
RCC.HRTIMFreq_Value=100000000
RCC.I2C123Freq_Value=50000000
RCC.I2C4Freq_Value=50000000
RCC.IPParameters=ADCFreq_Value,AHB12Freq_Value,AHB4Freq_Value,APB1Freq_Value,APB2Freq_Value,APB3Freq_Value,APB4Freq_Value,AXIClockFreq_Value,CECFreq_Value,CKPERFreq_Value,CPU2Freq_Value,CPU2SystikFreq_Value,CortexFreq_Value,CpuClockFreq_Value,D1CPREFreq_Value,D1PPRE,D2PPRE1,D2PPRE2,D3PPRE,DFSDMACLkFreq_Value,DFSDMFreq_Value,DIVM1,DIVM2,DIVN1,DIVN2,DIVP1Freq_Value,DIVP2Freq_Value,DIVP3Freq_Value,DIVQ1,DIVQ1Freq_Value,DIVQ2Freq_Value,DIVQ3Freq_Value,DIVR1Freq_Value,DIVR2Freq_Value,DIVR3Freq_Value,DSIFreq_Value,DSITXEscFreq_Value,FDCANFreq_Value,FMCFreq_Value,FamilyName,HCLK3ClockFreq_Value,HCLKFreq_Value,HRTIMFreq_Value,I2C123Freq_Value,I2C4Freq_Value,LPTIM1Freq_Value,LPTIM2Freq_Value,LPTIM345Freq_Value,LPUART1Freq_Value,LTDCFreq_Value,MCO1PinFreq_Value,MCO2PinFreq_Value,PLLDSIVCOFreq_Value,PLLFRACN,QSPIFreq_Value,RNGFreq_Value,RTCFreq_Value,SAI1Freq_Value,SAI23Freq_Value,SAI4AFreq_Value,SAI4BFreq_Value,SDMMCFreq_Value,SPDIFRXFreq_Value,SPI123Freq_Value,SPI45Freq_Value,SPI6Freq_Value,SWPMI1Freq_Value,SYSCLKFreq_VALUE,SYSCLKSource,SupplySource,Tim1OutputFreq_Value,Tim2OutputFreq_Value,TraceFreq_Value,USART16Freq_Value,USART234578Freq_Value,USBFreq_Value,VCO1OutputFreq_Value,VCO2OutputFreq_Value,VCO3OutputFreq_Value,VCOInput1Freq_Value,VCOInput2Freq_Value,VCOInput3Freq_Value
RCC.LPTIM1Freq_Value=50000000
RCC.LPTIM2Freq_Value=50000000
RCC.LPTIM345Freq_Value=50000000
RCC.LPUART1Freq_Value=50000000
RCC.LTDCFreq_Value=129000000
RCC.MCO1PinFreq_Value=64000000
RCC.MCO2PinFreq_Value=100000000
RCC.PLLDSIVCOFreq_Value=1000000000
RCC.PLLFRACN=4096
RCC.QSPIFreq_Value=100000000
RCC.RNGFreq_Value=48000000
RCC.RTCFreq_Value=32000
RCC.SAI1Freq_Value=15384615.384615384
RCC.SAI23Freq_Value=15384615.384615384
RCC.SAI4AFreq_Value=15384615.384615384
RCC.SAI4BFreq_Value=15384615.384615384
RCC.SDMMCFreq_Value=15384615.384615384
RCC.SPDIFRXFreq_Value=15384615.384615384
RCC.SPI123Freq_Value=15384615.384615384
RCC.SPI45Freq_Value=50000000
RCC.SPI6Freq_Value=50000000
RCC.SWPMI1Freq_Value=50000000
RCC.SYSCLKFreq_VALUE=100000000
RCC.SYSCLKSource=RCC_SYSCLKSOURCE_PLLCLK
RCC.SupplySource=PWR_DIRECT_SMPS_SUPPLY
RCC.Tim1OutputFreq_Value=100000000
RCC.Tim2OutputFreq_Value=100000000
RCC.TraceFreq_Value=64000000
RCC.USART16Freq_Value=50000000
RCC.USART234578Freq_Value=50000000
RCC.USBFreq_Value=15384615.384615384
RCC.VCO1OutputFreq_Value=200000000
RCC.VCO2OutputFreq_Value=384000000
RCC.VCO3OutputFreq_Value=258000000
RCC.VCOInput1Freq_Value=16000000
RCC.VCOInput2Freq_Value=32000000
RCC.VCOInput3Freq_Value=2000000
SPI5.CalculateBaudRate=25.0 MBits/s
SPI5.DataSize=SPI_DATASIZE_8BIT
SPI5.Direction=SPI_DIRECTION_2LINES
SPI5.IPParameters=VirtualType,Mode,Direction,CalculateBaudRate,DataSize,NSSPMode
SPI5.Mode=SPI_MODE_MASTER
SPI5.NSSPMode=SPI_NSS_PULSE_DISABLE
SPI5.VirtualType=VM_MASTER
VP_FATFS_M7_VS_SDIO.Mode=SDIO
VP_FATFS_M7_VS_SDIO.Signal=FATFS_M7_VS_SDIO
VP_SYS_M4_VS_Systick.Mode=SysTick
VP_SYS_M4_VS_Systick.Signal=SYS_M4_VS_Systick
VP_SYS_VS_Systick.Mode=SysTick
VP_SYS_VS_Systick.Signal=SYS_VS_Systick
board=STM32H747I-DISCO
boardIOC=true
isbadioc=false
